// !$*UTF8*$!
{
	archiveVersion = 1;
	classes = {
	};
	objectVersion = 46;
	objects = {

/* Begin PBXBuildFile section */
		437858B51D2D84350034D1D8 /* AppDelegate.swift in Sources */ = {isa = PBXBuildFile; fileRef = 437858B41D2D84350034D1D8 /* AppDelegate.swift */; };
		437858B71D2D84350034D1D8 /* ViewController.swift in Sources */ = {isa = PBXBuildFile; fileRef = 437858B61D2D84350034D1D8 /* ViewController.swift */; };
		437858BA1D2D84350034D1D8 /* Main.storyboard in Resources */ = {isa = PBXBuildFile; fileRef = 437858B81D2D84350034D1D8 /* Main.storyboard */; };
		437858BD1D2D84350034D1D8 /* MakeSchoolHack.xcdatamodeld in Sources */ = {isa = PBXBuildFile; fileRef = 437858BB1D2D84350034D1D8 /* MakeSchoolHack.xcdatamodeld */; };
		437858BF1D2D84350034D1D8 /* Assets.xcassets in Resources */ = {isa = PBXBuildFile; fileRef = 437858BE1D2D84350034D1D8 /* Assets.xcassets */; };
		437858C21D2D84350034D1D8 /* LaunchScreen.storyboard in Resources */ = {isa = PBXBuildFile; fileRef = 437858C01D2D84350034D1D8 /* LaunchScreen.storyboard */; };
		437858CD1D2D84350034D1D8 /* MakeSchoolHackTests.swift in Sources */ = {isa = PBXBuildFile; fileRef = 437858CC1D2D84350034D1D8 /* MakeSchoolHackTests.swift */; };
		437858D81D2D84350034D1D8 /* MakeSchoolHackUITests.swift in Sources */ = {isa = PBXBuildFile; fileRef = 437858D71D2D84350034D1D8 /* MakeSchoolHackUITests.swift */; };
/* End PBXBuildFile section */

/* Begin PBXContainerItemProxy section */
		437858C91D2D84350034D1D8 /* PBXContainerItemProxy */ = {
			isa = PBXContainerItemProxy;
			containerPortal = 437858A91D2D84350034D1D8 /* Project object */;
			proxyType = 1;
			remoteGlobalIDString = 437858B01D2D84350034D1D8;
			remoteInfo = MakeSchoolHack;
		};
		437858D41D2D84350034D1D8 /* PBXContainerItemProxy */ = {
			isa = PBXContainerItemProxy;
			containerPortal = 437858A91D2D84350034D1D8 /* Project object */;
			proxyType = 1;
			remoteGlobalIDString = 437858B01D2D84350034D1D8;
			remoteInfo = MakeSchoolHack;
		};
/* End PBXContainerItemProxy section */

/* Begin PBXFileReference section */
		437858B11D2D84350034D1D8 /* MakeSchoolHack.app */ = {isa = PBXFileReference; explicitFileType = wrapper.application; includeInIndex = 0; path = MakeSchoolHack.app; sourceTree = BUILT_PRODUCTS_DIR; };
		437858B41D2D84350034D1D8 /* AppDelegate.swift */ = {isa = PBXFileReference; lastKnownFileType = sourcecode.swift; path = AppDelegate.swift; sourceTree = "<group>"; };
		437858B61D2D84350034D1D8 /* ViewController.swift */ = {isa = PBXFileReference; lastKnownFileType = sourcecode.swift; path = ViewController.swift; sourceTree = "<group>"; };
		437858B91D2D84350034D1D8 /* Base */ = {isa = PBXFileReference; lastKnownFileType = file.storyboard; name = Base; path = Base.lproj/Main.storyboard; sourceTree = "<group>"; };
		437858BC1D2D84350034D1D8 /* MakeSchoolHack.xcdatamodel */ = {isa = PBXFileReference; lastKnownFileType = wrapper.xcdatamodel; path = MakeSchoolHack.xcdatamodel; sourceTree = "<group>"; };
		437858BE1D2D84350034D1D8 /* Assets.xcassets */ = {isa = PBXFileReference; lastKnownFileType = folder.assetcatalog; path = Assets.xcassets; sourceTree = "<group>"; };
		437858C11D2D84350034D1D8 /* Base */ = {isa = PBXFileReference; lastKnownFileType = file.storyboard; name = Base; path = Base.lproj/LaunchScreen.storyboard; sourceTree = "<group>"; };
		437858C31D2D84350034D1D8 /* Info.plist */ = {isa = PBXFileReference; lastKnownFileType = text.plist.xml; path = Info.plist; sourceTree = "<group>"; };
		437858C81D2D84350034D1D8 /* MakeSchoolHackTests.xctest */ = {isa = PBXFileReference; explicitFileType = wrapper.cfbundle; includeInIndex = 0; path = MakeSchoolHackTests.xctest; sourceTree = BUILT_PRODUCTS_DIR; };
		437858CC1D2D84350034D1D8 /* MakeSchoolHackTests.swift */ = {isa = PBXFileReference; lastKnownFileType = sourcecode.swift; path = MakeSchoolHackTests.swift; sourceTree = "<group>"; };
		437858CE1D2D84350034D1D8 /* Info.plist */ = {isa = PBXFileReference; lastKnownFileType = text.plist.xml; path = Info.plist; sourceTree = "<group>"; };
		437858D31D2D84350034D1D8 /* MakeSchoolHackUITests.xctest */ = {isa = PBXFileReference; explicitFileType = wrapper.cfbundle; includeInIndex = 0; path = MakeSchoolHackUITests.xctest; sourceTree = BUILT_PRODUCTS_DIR; };
		437858D71D2D84350034D1D8 /* MakeSchoolHackUITests.swift */ = {isa = PBXFileReference; lastKnownFileType = sourcecode.swift; path = MakeSchoolHackUITests.swift; sourceTree = "<group>"; };
		437858D91D2D84350034D1D8 /* Info.plist */ = {isa = PBXFileReference; lastKnownFileType = text.plist.xml; path = Info.plist; sourceTree = "<group>"; };
/* End PBXFileReference section */

/* Begin PBXFrameworksBuildPhase section */
		437858AE1D2D84350034D1D8 /* Frameworks */ = {
			isa = PBXFrameworksBuildPhase;
			buildActionMask = 2147483647;
			files = (
			);
			runOnlyForDeploymentPostprocessing = 0;
		};
		437858C51D2D84350034D1D8 /* Frameworks */ = {
			isa = PBXFrameworksBuildPhase;
			buildActionMask = 2147483647;
			files = (
			);
			runOnlyForDeploymentPostprocessing = 0;
		};
		437858D01D2D84350034D1D8 /* Frameworks */ = {
			isa = PBXFrameworksBuildPhase;
			buildActionMask = 2147483647;
			files = (
			);
			runOnlyForDeploymentPostprocessing = 0;
		};
/* End PBXFrameworksBuildPhase section */

/* Begin PBXGroup section */
		437858A81D2D84350034D1D8 = {
			isa = PBXGroup;
			children = (
				437858B31D2D84350034D1D8 /* MakeSchoolHack */,
				437858CB1D2D84350034D1D8 /* MakeSchoolHackTests */,
				437858D61D2D84350034D1D8 /* MakeSchoolHackUITests */,
				437858B21D2D84350034D1D8 /* Products */,
			);
			sourceTree = "<group>";
		};
		437858B21D2D84350034D1D8 /* Products */ = {
			isa = PBXGroup;
			children = (
				437858B11D2D84350034D1D8 /* MakeSchoolHack.app */,
				437858C81D2D84350034D1D8 /* MakeSchoolHackTests.xctest */,
				437858D31D2D84350034D1D8 /* MakeSchoolHackUITests.xctest */,
			);
			name = Products;
			sourceTree = "<group>";
		};
		437858B31D2D84350034D1D8 /* MakeSchoolHack */ = {
			isa = PBXGroup;
			children = (
				437858B41D2D84350034D1D8 /* AppDelegate.swift */,
				437858B61D2D84350034D1D8 /* ViewController.swift */,
				437858B81D2D84350034D1D8 /* Main.storyboard */,
				437858BE1D2D84350034D1D8 /* Assets.xcassets */,
				437858C01D2D84350034D1D8 /* LaunchScreen.storyboard */,
				437858C31D2D84350034D1D8 /* Info.plist */,
				437858BB1D2D84350034D1D8 /* MakeSchoolHack.xcdatamodeld */,
			);
			path = MakeSchoolHack;
			sourceTree = "<group>";
		};
		437858CB1D2D84350034D1D8 /* MakeSchoolHackTests */ = {
			isa = PBXGroup;
			children = (
				437858CC1D2D84350034D1D8 /* MakeSchoolHackTests.swift */,
				437858CE1D2D84350034D1D8 /* Info.plist */,
			);
			path = MakeSchoolHackTests;
			sourceTree = "<group>";
		};
		437858D61D2D84350034D1D8 /* MakeSchoolHackUITests */ = {
			isa = PBXGroup;
			children = (
				437858D71D2D84350034D1D8 /* MakeSchoolHackUITests.swift */,
				437858D91D2D84350034D1D8 /* Info.plist */,
			);
			path = MakeSchoolHackUITests;
			sourceTree = "<group>";
		};
/* End PBXGroup section */

/* Begin PBXNativeTarget section */
		437858B01D2D84350034D1D8 /* MakeSchoolHack */ = {
			isa = PBXNativeTarget;
			buildConfigurationList = 437858DC1D2D84350034D1D8 /* Build configuration list for PBXNativeTarget "MakeSchoolHack" */;
			buildPhases = (
				437858AD1D2D84350034D1D8 /* Sources */,
				437858AE1D2D84350034D1D8 /* Frameworks */,
				437858AF1D2D84350034D1D8 /* Resources */,
			);
			buildRules = (
			);
			dependencies = (
			);
			name = MakeSchoolHack;
			productName = MakeSchoolHack;
			productReference = 437858B11D2D84350034D1D8 /* MakeSchoolHack.app */;
			productType = "com.apple.product-type.application";
		};
		437858C71D2D84350034D1D8 /* MakeSchoolHackTests */ = {
			isa = PBXNativeTarget;
			buildConfigurationList = 437858DF1D2D84350034D1D8 /* Build configuration list for PBXNativeTarget "MakeSchoolHackTests" */;
			buildPhases = (
				437858C41D2D84350034D1D8 /* Sources */,
				437858C51D2D84350034D1D8 /* Frameworks */,
				437858C61D2D84350034D1D8 /* Resources */,
			);
			buildRules = (
			);
			dependencies = (
				437858CA1D2D84350034D1D8 /* PBXTargetDependency */,
			);
			name = MakeSchoolHackTests;
			productName = MakeSchoolHackTests;
			productReference = 437858C81D2D84350034D1D8 /* MakeSchoolHackTests.xctest */;
			productType = "com.apple.product-type.bundle.unit-test";
		};
		437858D21D2D84350034D1D8 /* MakeSchoolHackUITests */ = {
			isa = PBXNativeTarget;
			buildConfigurationList = 437858E21D2D84350034D1D8 /* Build configuration list for PBXNativeTarget "MakeSchoolHackUITests" */;
			buildPhases = (
				437858CF1D2D84350034D1D8 /* Sources */,
				437858D01D2D84350034D1D8 /* Frameworks */,
				437858D11D2D84350034D1D8 /* Resources */,
			);
			buildRules = (
			);
			dependencies = (
				437858D51D2D84350034D1D8 /* PBXTargetDependency */,
			);
			name = MakeSchoolHackUITests;
			productName = MakeSchoolHackUITests;
			productReference = 437858D31D2D84350034D1D8 /* MakeSchoolHackUITests.xctest */;
			productType = "com.apple.product-type.bundle.ui-testing";
		};
/* End PBXNativeTarget section */

/* Begin PBXProject section */
		437858A91D2D84350034D1D8 /* Project object */ = {
			isa = PBXProject;
			attributes = {
				LastSwiftUpdateCheck = 0730;
				LastUpgradeCheck = 0730;
				ORGANIZATIONNAME = "Make School";
				TargetAttributes = {
					437858B01D2D84350034D1D8 = {
						CreatedOnToolsVersion = 7.3.1;
					};
					437858C71D2D84350034D1D8 = {
						CreatedOnToolsVersion = 7.3.1;
						TestTargetID = 437858B01D2D84350034D1D8;
					};
					437858D21D2D84350034D1D8 = {
						CreatedOnToolsVersion = 7.3.1;
						TestTargetID = 437858B01D2D84350034D1D8;
					};
				};
			};
			buildConfigurationList = 437858AC1D2D84350034D1D8 /* Build configuration list for PBXProject "MakeSchoolHack" */;
			compatibilityVersion = "Xcode 3.2";
			developmentRegion = English;
			hasScannedForEncodings = 0;
			knownRegions = (
				en,
				Base,
			);
			mainGroup = 437858A81D2D84350034D1D8;
			productRefGroup = 437858B21D2D84350034D1D8 /* Products */;
			projectDirPath = "";
			projectRoot = "";
			targets = (
				437858B01D2D84350034D1D8 /* MakeSchoolHack */,
				437858C71D2D84350034D1D8 /* MakeSchoolHackTests */,
				437858D21D2D84350034D1D8 /* MakeSchoolHackUITests */,
			);
		};
/* End PBXProject section */

/* Begin PBXResourcesBuildPhase section */
		437858AF1D2D84350034D1D8 /* Resources */ = {
			isa = PBXResourcesBuildPhase;
			buildActionMask = 2147483647;
			files = (
				437858C21D2D84350034D1D8 /* LaunchScreen.storyboard in Resources */,
				437858BF1D2D84350034D1D8 /* Assets.xcassets in Resources */,
				437858BA1D2D84350034D1D8 /* Main.storyboard in Resources */,
			);
			runOnlyForDeploymentPostprocessing = 0;
		};
		437858C61D2D84350034D1D8 /* Resources */ = {
			isa = PBXResourcesBuildPhase;
			buildActionMask = 2147483647;
			files = (
			);
			runOnlyForDeploymentPostprocessing = 0;
		};
		437858D11D2D84350034D1D8 /* Resources */ = {
			isa = PBXResourcesBuildPhase;
			buildActionMask = 2147483647;
			files = (
			);
			runOnlyForDeploymentPostprocessing = 0;
		};
/* End PBXResourcesBuildPhase section */

/* Begin PBXSourcesBuildPhase section */
		437858AD1D2D84350034D1D8 /* Sources */ = {
			isa = PBXSourcesBuildPhase;
			buildActionMask = 2147483647;
			files = (
				437858B71D2D84350034D1D8 /* ViewController.swift in Sources */,
				437858BD1D2D84350034D1D8 /* MakeSchoolHack.xcdatamodeld in Sources */,
				437858B51D2D84350034D1D8 /* AppDelegate.swift in Sources */,
			);
			runOnlyForDeploymentPostprocessing = 0;
		};
		437858C41D2D84350034D1D8 /* Sources */ = {
			isa = PBXSourcesBuildPhase;
			buildActionMask = 2147483647;
			files = (
				437858CD1D2D84350034D1D8 /* MakeSchoolHackTests.swift in Sources */,
			);
			runOnlyForDeploymentPostprocessing = 0;
		};
		437858CF1D2D84350034D1D8 /* Sources */ = {
			isa = PBXSourcesBuildPhase;
			buildActionMask = 2147483647;
			files = (
				437858D81D2D84350034D1D8 /* MakeSchoolHackUITests.swift in Sources */,
			);
			runOnlyForDeploymentPostprocessing = 0;
		};
/* End PBXSourcesBuildPhase section */

/* Begin PBXTargetDependency section */
		437858CA1D2D84350034D1D8 /* PBXTargetDependency */ = {
			isa = PBXTargetDependency;
			target = 437858B01D2D84350034D1D8 /* MakeSchoolHack */;
			targetProxy = 437858C91D2D84350034D1D8 /* PBXContainerItemProxy */;
		};
		437858D51D2D84350034D1D8 /* PBXTargetDependency */ = {
			isa = PBXTargetDependency;
			target = 437858B01D2D84350034D1D8 /* MakeSchoolHack */;
			targetProxy = 437858D41D2D84350034D1D8 /* PBXContainerItemProxy */;
		};
/* End PBXTargetDependency section */

/* Begin PBXVariantGroup section */
		437858B81D2D84350034D1D8 /* Main.storyboard */ = {
			isa = PBXVariantGroup;
			children = (
				437858B91D2D84350034D1D8 /* Base */,
			);
			name = Main.storyboard;
			sourceTree = "<group>";
		};
		437858C01D2D84350034D1D8 /* LaunchScreen.storyboard */ = {
			isa = PBXVariantGroup;
			children = (
				437858C11D2D84350034D1D8 /* Base */,
			);
			name = LaunchScreen.storyboard;
			sourceTree = "<group>";
		};
/* End PBXVariantGroup section */

/* Begin XCBuildConfiguration section */
		437858DA1D2D84350034D1D8 /* Debug */ = {
			isa = XCBuildConfiguration;
			buildSettings = {
				ALWAYS_SEARCH_USER_PATHS = NO;
				CLANG_ANALYZER_NONNULL = YES;
				CLANG_CXX_LANGUAGE_STANDARD = "gnu++0x";
				CLANG_CXX_LIBRARY = "libc++";
				CLANG_ENABLE_MODULES = YES;
				CLANG_ENABLE_OBJC_ARC = YES;
				CLANG_WARN_BOOL_CONVERSION = YES;
				CLANG_WARN_CONSTANT_CONVERSION = YES;
				CLANG_WARN_DIRECT_OBJC_ISA_USAGE = YES_ERROR;
				CLANG_WARN_EMPTY_BODY = YES;
				CLANG_WARN_ENUM_CONVERSION = YES;
				CLANG_WARN_INT_CONVERSION = YES;
				CLANG_WARN_OBJC_ROOT_CLASS = YES_ERROR;
				CLANG_WARN_UNREACHABLE_CODE = YES;
				CLANG_WARN__DUPLICATE_METHOD_MATCH = YES;
				"CODE_SIGN_IDENTITY[sdk=iphoneos*]" = "iPhone Developer";
				COPY_PHASE_STRIP = NO;
				DEBUG_INFORMATION_FORMAT = dwarf;
				ENABLE_STRICT_OBJC_MSGSEND = YES;
				ENABLE_TESTABILITY = YES;
				GCC_C_LANGUAGE_STANDARD = gnu99;
				GCC_DYNAMIC_NO_PIC = NO;
				GCC_NO_COMMON_BLOCKS = YES;
				GCC_OPTIMIZATION_LEVEL = 0;
				GCC_PREPROCESSOR_DEFINITIONS = (
					"DEBUG=1",
					"$(inherited)",
				);
				GCC_WARN_64_TO_32_BIT_CONVERSION = YES;
				GCC_WARN_ABOUT_RETURN_TYPE = YES_ERROR;
				GCC_WARN_UNDECLARED_SELECTOR = YES;
				GCC_WARN_UNINITIALIZED_AUTOS = YES_AGGRESSIVE;
				GCC_WARN_UNUSED_FUNCTION = YES;
				GCC_WARN_UNUSED_VARIABLE = YES;
				IPHONEOS_DEPLOYMENT_TARGET = 9.3;
				MTL_ENABLE_DEBUG_INFO = YES;
				ONLY_ACTIVE_ARCH = YES;
				SDKROOT = iphoneos;
				SWIFT_OPTIMIZATION_LEVEL = "-Onone";
				TARGETED_DEVICE_FAMILY = "1,2";
			};
			name = Debug;
		};
		437858DB1D2D84350034D1D8 /* Release */ = {
			isa = XCBuildConfiguration;
			buildSettings = {
				ALWAYS_SEARCH_USER_PATHS = NO;
				CLANG_ANALYZER_NONNULL = YES;
				CLANG_CXX_LANGUAGE_STANDARD = "gnu++0x";
				CLANG_CXX_LIBRARY = "libc++";
				CLANG_ENABLE_MODULES = YES;
				CLANG_ENABLE_OBJC_ARC = YES;
				CLANG_WARN_BOOL_CONVERSION = YES;
				CLANG_WARN_CONSTANT_CONVERSION = YES;
				CLANG_WARN_DIRECT_OBJC_ISA_USAGE = YES_ERROR;
				CLANG_WARN_EMPTY_BODY = YES;
				CLANG_WARN_ENUM_CONVERSION = YES;
				CLANG_WARN_INT_CONVERSION = YES;
				CLANG_WARN_OBJC_ROOT_CLASS = YES_ERROR;
				CLANG_WARN_UNREACHABLE_CODE = YES;
				CLANG_WARN__DUPLICATE_METHOD_MATCH = YES;
				"CODE_SIGN_IDENTITY[sdk=iphoneos*]" = "iPhone Developer";
				COPY_PHASE_STRIP = NO;
				DEBUG_INFORMATION_FORMAT = "dwarf-with-dsym";
				ENABLE_NS_ASSERTIONS = NO;
				ENABLE_STRICT_OBJC_MSGSEND = YES;
				GCC_C_LANGUAGE_STANDARD = gnu99;
				GCC_NO_COMMON_BLOCKS = YES;
				GCC_WARN_64_TO_32_BIT_CONVERSION = YES;
				GCC_WARN_ABOUT_RETURN_TYPE = YES_ERROR;
				GCC_WARN_UNDECLARED_SELECTOR = YES;
				GCC_WARN_UNINITIALIZED_AUTOS = YES_AGGRESSIVE;
				GCC_WARN_UNUSED_FUNCTION = YES;
				GCC_WARN_UNUSED_VARIABLE = YES;
				IPHONEOS_DEPLOYMENT_TARGET = 9.3;
				MTL_ENABLE_DEBUG_INFO = NO;
				SDKROOT = iphoneos;
				TARGETED_DEVICE_FAMILY = "1,2";
				VALIDATE_PRODUCT = YES;
			};
			name = Release;
		};
		437858DD1D2D84350034D1D8 /* Debug */ = {
			isa = XCBuildConfiguration;
			buildSettings = {
				ASSETCATALOG_COMPILER_APPICON_NAME = AppIcon;
				INFOPLIST_FILE = MakeSchoolHack/Info.plist;
				LD_RUNPATH_SEARCH_PATHS = "$(inherited) @executable_path/Frameworks";
				PRODUCT_BUNDLE_IDENTIFIER = makeschoolgame.math.com.makeschool.MakeSchoolHack;
				PRODUCT_NAME = "$(TARGET_NAME)";
			};
			name = Debug;
		};
		437858DE1D2D84350034D1D8 /* Release */ = {
			isa = XCBuildConfiguration;
			buildSettings = {
				ASSETCATALOG_COMPILER_APPICON_NAME = AppIcon;
				INFOPLIST_FILE = MakeSchoolHack/Info.plist;
				LD_RUNPATH_SEARCH_PATHS = "$(inherited) @executable_path/Frameworks";
				PRODUCT_BUNDLE_IDENTIFIER = makeschoolgame.math.com.makeschool.MakeSchoolHack;
				PRODUCT_NAME = "$(TARGET_NAME)";
			};
			name = Release;
		};
		437858E01D2D84350034D1D8 /* Debug */ = {
			isa = XCBuildConfiguration;
			buildSettings = {
				BUNDLE_LOADER = "$(TEST_HOST)";
				INFOPLIST_FILE = MakeSchoolHackTests/Info.plist;
				LD_RUNPATH_SEARCH_PATHS = "$(inherited) @executable_path/Frameworks @loader_path/Frameworks";
				PRODUCT_BUNDLE_IDENTIFIER = makeschoolgame.math.com.makeschool.MakeSchoolHackTests;
				PRODUCT_NAME = "$(TARGET_NAME)";
				TEST_HOST = "$(BUILT_PRODUCTS_DIR)/MakeSchoolHack.app/MakeSchoolHack";
			};
			name = Debug;
		};
		437858E11D2D84350034D1D8 /* Release */ = {
			isa = XCBuildConfiguration;
			buildSettings = {
				BUNDLE_LOADER = "$(TEST_HOST)";
				INFOPLIST_FILE = MakeSchoolHackTests/Info.plist;
				LD_RUNPATH_SEARCH_PATHS = "$(inherited) @executable_path/Frameworks @loader_path/Frameworks";
				PRODUCT_BUNDLE_IDENTIFIER = makeschoolgame.math.com.makeschool.MakeSchoolHackTests;
				PRODUCT_NAME = "$(TARGET_NAME)";
				TEST_HOST = "$(BUILT_PRODUCTS_DIR)/MakeSchoolHack.app/MakeSchoolHack";
			};
			name = Release;
		};
		437858E31D2D84350034D1D8 /* Debug */ = {
			isa = XCBuildConfiguration;
			buildSettings = {
				INFOPLIST_FILE = MakeSchoolHackUITests/Info.plist;
				LD_RUNPATH_SEARCH_PATHS = "$(inherited) @executable_path/Frameworks @loader_path/Frameworks";
				PRODUCT_BUNDLE_IDENTIFIER = makeschoolgame.math.com.makeschool.MakeSchoolHackUITests;
				PRODUCT_NAME = "$(TARGET_NAME)";
				TEST_TARGET_NAME = MakeSchoolHack;
			};
			name = Debug;
		};
		437858E41D2D84350034D1D8 /* Release */ = {
			isa = XCBuildConfiguration;
			buildSettings = {
				INFOPLIST_FILE = MakeSchoolHackUITests/Info.plist;
				LD_RUNPATH_SEARCH_PATHS = "$(inherited) @executable_path/Frameworks @loader_path/Frameworks";
				PRODUCT_BUNDLE_IDENTIFIER = makeschoolgame.math.com.makeschool.MakeSchoolHackUITests;
				PRODUCT_NAME = "$(TARGET_NAME)";
				TEST_TARGET_NAME = MakeSchoolHack;
			};
			name = Release;
		};
/* End XCBuildConfiguration section */

/* Begin XCConfigurationList section */
		437858AC1D2D84350034D1D8 /* Build configuration list for PBXProject "MakeSchoolHack" */ = {
			isa = XCConfigurationList;
			buildConfigurations = (
				437858DA1D2D84350034D1D8 /* Debug */,
				437858DB1D2D84350034D1D8 /* Release */,
			);
			defaultConfigurationIsVisible = 0;
			defaultConfigurationName = Release;
		};
		437858DC1D2D84350034D1D8 /* Build configuration list for PBXNativeTarget "MakeSchoolHack" */ = {
			isa = XCConfigurationList;
			buildConfigurations = (
				437858DD1D2D84350034D1D8 /* Debug */,
				437858DE1D2D84350034D1D8 /* Release */,
			);
			defaultConfigurationIsVisible = 0;
		};
		437858DF1D2D84350034D1D8 /* Build configuration list for PBXNativeTarget "MakeSchoolHackTests" */ = {
			isa = XCConfigurationList;
			buildConfigurations = (
				437858E01D2D84350034D1D8 /* Debug */,
				437858E11D2D84350034D1D8 /* Release */,
			);
			defaultConfigurationIsVisible = 0;
		};
		437858E21D2D84350034D1D8 /* Build configuration list for PBXNativeTarget "MakeSchoolHackUITests" */ = {
			isa = XCConfigurationList;
			buildConfigurations = (
				437858E31D2D84350034D1D8 /* Debug */,
				437858E41D2D84350034D1D8 /* Release */,
			);
			defaultConfigurationIsVisible = 0;
		};
/* End XCConfigurationList section */

/* Begin XCVersionGroup section */
		437858BB1D2D84350034D1D8 /* MakeSchoolHack.xcdatamodeld */ = {
			isa = XCVersionGroup;
			children = (
				437858BC1D2D84350034D1D8 /* MakeSchoolHack.xcdatamodel */,
			);
			currentVersion = 437858BC1D2D84350034D1D8 /* MakeSchoolHack.xcdatamodel */;
			path = MakeSchoolHack.xcdatamodeld;
			sourceTree = "<group>";
			versionGroupType = wrapper.xcdatamodel;
		};
/* End XCVersionGroup section */
	};
	rootObject = 437858A91D2D84350034D1D8 /* Project object */;
}
